
Microsoft Visual Studio Solution File, Format Version 12.00
# Visual Studio 15
VisualStudioVersion = 15.0.27428.2043
MinimumVisualStudioVersion = 10.0.40219.1
Project("{FAE04EC0-301F-11D3-BF4B-00C04F79EFBC}") = "MetadataToolkitTemplate", "MetadataToolkitTemplate\MetadataToolkitTemplate.csproj", "{827CC223-F392-4278-BDD1-7993945934C7}"
	ProjectSection(ProjectDependencies) = postProject
		{F08E8EBB-4EA2-43DD-9987-4A2ACE163CCD} = {F08E8EBB-4EA2-43DD-9987-4A2ACE163CCD}
	EndProjectSection
EndProject
Project("{2150E333-8FDC-42A3-9474-1A3956D46DE8}") = "TemplateProject", "TemplateProject", "{7A48FA53-0A33-4A3E-B42C-0D65FC2381BE}"
EndProject
Project("{2150E333-8FDC-42A3-9474-1A3956D46DE8}") = "SolutionItems", "SolutionItems", "{38D6FA42-F4E9-47F4-8602-EFA55125D4DA}"
EndProject
Project("{2150E333-8FDC-42A3-9474-1A3956D46DE8}") = "VSPackage", "VSPackage", "{0D75DF78-2388-438A-BA80-20E11E3D6954}"
EndProject
Project("{FAE04EC0-301F-11D3-BF4B-00C04F79EFBC}") = "proapp-sdk-Wizard", "proapp-sdk-Wizard\proapp-sdk-Wizard.csproj", "{F08E8EBB-4EA2-43DD-9987-4A2ACE163CCD}"
EndProject
Project("{FAE04EC0-301F-11D3-BF4B-00C04F79EFBC}") = "proapp-sdk-MSBuild", "proapp-sdk-MSBuild\proapp-sdk-MSBuild.csproj", "{3356CBCD-E935-472F-B576-2287F0EF7C33}"
EndProject
Project("{FAE04EC0-301F-11D3-BF4B-00C04F79EFBC}") = "proapp-sdk-vspackage", "proapp-sdk-vspackage\proapp-sdk-vspackage.csproj", "{D2743BC6-54F9-42C6-95E4-32ECA8AA8153}"
EndProject
Project("{2150E333-8FDC-42A3-9474-1A3956D46DE8}") = "Common", "Common", "{DEE1D0C7-A4E6-4A78-8CC5-A15BCF989DE8}"
	ProjectSection(SolutionItems) = preProject
		Common\BuildEvents.targets = Common\BuildEvents.targets
		Common\buildnum.cs = Common\buildnum.cs
		Common\proapp-sdk.props = Common\proapp-sdk.props
	EndProjectSection
EndProject
Global
	GlobalSection(SolutionConfigurationPlatforms) = preSolution
		Debug|Any CPU = Debug|Any CPU
		Release|Any CPU = Release|Any CPU
	EndGlobalSection
	GlobalSection(ProjectConfigurationPlatforms) = postSolution
		{827CC223-F392-4278-BDD1-7993945934C7}.Debug|Any CPU.ActiveCfg = Debug|Any CPU
		{827CC223-F392-4278-BDD1-7993945934C7}.Debug|Any CPU.Build.0 = Debug|Any CPU
		{827CC223-F392-4278-BDD1-7993945934C7}.Release|Any CPU.ActiveCfg = Release|Any CPU
		{827CC223-F392-4278-BDD1-7993945934C7}.Release|Any CPU.Build.0 = Release|Any CPU
		{F08E8EBB-4EA2-43DD-9987-4A2ACE163CCD}.Debug|Any CPU.ActiveCfg = Debug|Any CPU
		{F08E8EBB-4EA2-43DD-9987-4A2ACE163CCD}.Debug|Any CPU.Build.0 = Debug|Any CPU
		{F08E8EBB-4EA2-43DD-9987-4A2ACE163CCD}.Release|Any CPU.ActiveCfg = Release|Any CPU
		{F08E8EBB-4EA2-43DD-9987-4A2ACE163CCD}.Release|Any CPU.Build.0 = Release|Any CPU
		{3356CBCD-E935-472F-B576-2287F0EF7C33}.Debug|Any CPU.ActiveCfg = Debug|Any CPU
		{3356CBCD-E935-472F-B576-2287F0EF7C33}.Debug|Any CPU.Build.0 = Debug|Any CPU
		{3356CBCD-E935-472F-B576-2287F0EF7C33}.Release|Any CPU.ActiveCfg = Release|Any CPU
		{3356CBCD-E935-472F-B576-2287F0EF7C33}.Release|Any CPU.Build.0 = Release|Any CPU
		{D2743BC6-54F9-42C6-95E4-32ECA8AA8153}.Debug|Any CPU.ActiveCfg = Debug|Any CPU
		{D2743BC6-54F9-42C6-95E4-32ECA8AA8153}.Debug|Any CPU.Build.0 = Debug|Any CPU
		{D2743BC6-54F9-42C6-95E4-32ECA8AA8153}.Release|Any CPU.ActiveCfg = Release|Any CPU
		{D2743BC6-54F9-42C6-95E4-32ECA8AA8153}.Release|Any CPU.Build.0 = Release|Any CPU
	EndGlobalSection
	GlobalSection(SolutionProperties) = preSolution
		HideSolutionNode = FALSE
	EndGlobalSection
	GlobalSection(NestedProjects) = preSolution
		{827CC223-F392-4278-BDD1-7993945934C7} = {7A48FA53-0A33-4A3E-B42C-0D65FC2381BE}
		{F08E8EBB-4EA2-43DD-9987-4A2ACE163CCD} = {38D6FA42-F4E9-47F4-8602-EFA55125D4DA}
		{3356CBCD-E935-472F-B576-2287F0EF7C33} = {38D6FA42-F4E9-47F4-8602-EFA55125D4DA}
		{D2743BC6-54F9-42C6-95E4-32ECA8AA8153} = {0D75DF78-2388-438A-BA80-20E11E3D6954}
	EndGlobalSection
	GlobalSection(ExtensibilityGlobals) = postSolution
		SolutionGuid = {B5BEDB7F-2F0A-46FF-9372-F29B964C5888}
	EndGlobalSection
EndGlobal
